
Microsoft Visual Studio Solution File, Format Version 12.00
# Visual Studio Version 17
VisualStudioVersion = 17.13.35931.197 d17.13
MinimumVisualStudioVersion = 10.0.40219.1
Project("{FAE04EC0-301F-11D3-BF4B-00C04F79EFBC}") = "mvc-architecture", "mvc-architecture\mvc-architecture.csproj", "{3ACB11F4-E6A3-493F-B27D-C38AEE42B91F}"
EndProject
Global
	GlobalSection(SolutionConfigurationPlatforms) = preSolution
		Debug|Any CPU = Debug|Any CPU
		Release|Any CPU = Release|Any CPU
	EndGlobalSection
	GlobalSection(ProjectConfigurationPlatforms) = postSolution
		{3ACB11F4-E6A3-493F-B27D-C38AEE42B91F}.Debug|Any CPU.ActiveCfg = Debug|Any CPU
		{3ACB11F4-E6A3-493F-B27D-C38AEE42B91F}.Debug|Any CPU.Build.0 = Debug|Any CPU
		{3ACB11F4-E6A3-493F-B27D-C38AEE42B91F}.Release|Any CPU.ActiveCfg = Release|Any CPU
		{3ACB11F4-E6A3-493F-B27D-C38AEE42B91F}.Release|Any CPU.Build.0 = Release|Any CPU
	EndGlobalSection
	GlobalSection(SolutionProperties) = preSolution
		HideSolutionNode = FALSE
	EndGlobalSection
	GlobalSection(ExtensibilityGlobals) = postSolution
		SolutionGuid = {4C3CE06F-0ECA-4710-8A11-8437F6DAC4F6}
	EndGlobalSection
EndGlobal
